
Microsoft Visual Studio Solution File, Format Version 12.00
# Visual Studio Version 17
VisualStudioVersion = 17.0.31903.59
MinimumVisualStudioVersion = 10.0.40219.1
Project("{2150E333-8FDC-42A3-9474-1A3956D46DE8}") = "src", "src", "{8C27BAEB-3E2B-4E78-BB4F-EBF71BE66ED4}"
EndProject
Project("{FAE04EC0-301F-11D3-BF4B-00C04F79EFBC}") = "MLend.Api", "src\MLend.Api\MLend.Api.csproj", "{8D796B26-888F-493A-BA9C-DA03F821B7F2}"
EndProject
Project("{FAE04EC0-301F-11D3-BF4B-00C04F79EFBC}") = "MLend.Application", "src\MLend.Application\MLend.Application.csproj", "{6EA1D6B7-2284-40C7-AAC4-2CA455E08371}"
EndProject
Project("{FAE04EC0-301F-11D3-BF4B-00C04F79EFBC}") = "MLend.Infrastructure", "src\MLend.Infrastructure\MLend.Infrastructure.csproj", "{A00A6D2D-C0D5-4319-B789-606FA83D6005}"
EndProject
Global
	GlobalSection(SolutionConfigurationPlatforms) = preSolution
		Debug|Any CPU = Debug|Any CPU
		Release|Any CPU = Release|Any CPU
	EndGlobalSection
	GlobalSection(SolutionProperties) = preSolution
		HideSolutionNode = FALSE
	EndGlobalSection
	GlobalSection(ProjectConfigurationPlatforms) = postSolution
		{8D796B26-888F-493A-BA9C-DA03F821B7F2}.Debug|Any CPU.ActiveCfg = Debug|Any CPU
		{8D796B26-888F-493A-BA9C-DA03F821B7F2}.Debug|Any CPU.Build.0 = Debug|Any CPU
		{8D796B26-888F-493A-BA9C-DA03F821B7F2}.Release|Any CPU.ActiveCfg = Release|Any CPU
		{8D796B26-888F-493A-BA9C-DA03F821B7F2}.Release|Any CPU.Build.0 = Release|Any CPU
		{6EA1D6B7-2284-40C7-AAC4-2CA455E08371}.Debug|Any CPU.ActiveCfg = Debug|Any CPU
		{6EA1D6B7-2284-40C7-AAC4-2CA455E08371}.Debug|Any CPU.Build.0 = Debug|Any CPU
		{6EA1D6B7-2284-40C7-AAC4-2CA455E08371}.Release|Any CPU.ActiveCfg = Release|Any CPU
		{6EA1D6B7-2284-40C7-AAC4-2CA455E08371}.Release|Any CPU.Build.0 = Release|Any CPU
		{A00A6D2D-C0D5-4319-B789-606FA83D6005}.Debug|Any CPU.ActiveCfg = Debug|Any CPU
		{A00A6D2D-C0D5-4319-B789-606FA83D6005}.Debug|Any CPU.Build.0 = Debug|Any CPU
		{A00A6D2D-C0D5-4319-B789-606FA83D6005}.Release|Any CPU.ActiveCfg = Release|Any CPU
		{A00A6D2D-C0D5-4319-B789-606FA83D6005}.Release|Any CPU.Build.0 = Release|Any CPU
	EndGlobalSection
	GlobalSection(NestedProjects) = preSolution
		{8D796B26-888F-493A-BA9C-DA03F821B7F2} = {8C27BAEB-3E2B-4E78-BB4F-EBF71BE66ED4}
		{6EA1D6B7-2284-40C7-AAC4-2CA455E08371} = {8C27BAEB-3E2B-4E78-BB4F-EBF71BE66ED4}
		{A00A6D2D-C0D5-4319-B789-606FA83D6005} = {8C27BAEB-3E2B-4E78-BB4F-EBF71BE66ED4}
	EndGlobalSection
EndGlobal
